
Microsoft Visual Studio Solution File, Format Version 12.00
# Visual Studio Version 16
VisualStudioVersion = 16.0.31624.102
MinimumVisualStudioVersion = 10.0.40219.1
Project("{FAE04EC0-301F-11D3-BF4B-00C04F79EFBC}") = "ConsoleApp15", "ConsoleApp15\ConsoleApp15.csproj", "{FF3474EE-12C7-47E8-953B-F805D31AA44A}"
EndProject
Global
	GlobalSection(SolutionConfigurationPlatforms) = preSolution
		Debug|Any CPU = Debug|Any CPU
		Release|Any CPU = Release|Any CPU
	EndGlobalSection
	GlobalSection(ProjectConfigurationPlatforms) = postSolution
		{FF3474EE-12C7-47E8-953B-F805D31AA44A}.Debug|Any CPU.ActiveCfg = Debug|Any CPU
		{FF3474EE-12C7-47E8-953B-F805D31AA44A}.Debug|Any CPU.Build.0 = Debug|Any CPU
		{FF3474EE-12C7-47E8-953B-F805D31AA44A}.Release|Any CPU.ActiveCfg = Release|Any CPU
		{FF3474EE-12C7-47E8-953B-F805D31AA44A}.Release|Any CPU.Build.0 = Release|Any CPU
	EndGlobalSection
	GlobalSection(SolutionProperties) = preSolution
		HideSolutionNode = FALSE
	EndGlobalSection
	GlobalSection(ExtensibilityGlobals) = postSolution
		SolutionGuid = {51411775-773D-45EF-9D6E-1BEAB5988EA2}
	EndGlobalSection
EndGlobal
